
Microsoft Visual Studio Solution File, Format Version 12.00
# Visual Studio Version 17
VisualStudioVersion = 17.9.34723.18
MinimumVisualStudioVersion = 10.0.40219.1
Project("{FAE04EC0-301F-11D3-BF4B-00C04F79EFBC}") = "InventoryPrototype", "InventoryPrototype\InventoryPrototype.csproj", "{5B38EF4C-0BFB-4074-9FC6-5305AC743D1B}"
EndProject
Global
	GlobalSection(SolutionConfigurationPlatforms) = preSolution
		Debug|Any CPU = Debug|Any CPU
		Release|Any CPU = Release|Any CPU
	EndGlobalSection
	GlobalSection(ProjectConfigurationPlatforms) = postSolution
		{5B38EF4C-0BFB-4074-9FC6-5305AC743D1B}.Debug|Any CPU.ActiveCfg = Debug|Any CPU
		{5B38EF4C-0BFB-4074-9FC6-5305AC743D1B}.Debug|Any CPU.Build.0 = Debug|Any CPU
		{5B38EF4C-0BFB-4074-9FC6-5305AC743D1B}.Release|Any CPU.ActiveCfg = Release|Any CPU
		{5B38EF4C-0BFB-4074-9FC6-5305AC743D1B}.Release|Any CPU.Build.0 = Release|Any CPU
	EndGlobalSection
	GlobalSection(SolutionProperties) = preSolution
		HideSolutionNode = FALSE
	EndGlobalSection
	GlobalSection(ExtensibilityGlobals) = postSolution
		SolutionGuid = {ADCAC0F6-81F9-4182-9AB5-C67165738CB4}
	EndGlobalSection
EndGlobal
